
Microsoft Visual Studio Solution File, Format Version 12.00
# Visual Studio Version 17
VisualStudioVersion = 17.8.34330.188
MinimumVisualStudioVersion = 10.0.40219.1
Project("{9A19103F-16F7-4668-BE54-9A1E7A4F7556}") = "splat_painter", "splat_painter.csproj", "{790D467B-B3E1-4CA8-A637-D26D7E58E58C}"
EndProject
Project("{8BC9CEB8-8B4A-11D0-8D11-00A0C91BC942}") = "Debug", "Debug\Debug.vcxproj", "{FE9550E0-18B0-46E5-B1B1-D4ECCAB4F9A6}"
EndProject
Global
	GlobalSection(SolutionConfigurationPlatforms) = preSolution
		Debug|Any CPU = Debug|Any CPU
		Debug|x64 = Debug|x64
		Debug|x86 = Debug|x86
		ExportDebug|Any CPU = ExportDebug|Any CPU
		ExportDebug|x64 = ExportDebug|x64
		ExportDebug|x86 = ExportDebug|x86
		ExportRelease|Any CPU = ExportRelease|Any CPU
		ExportRelease|x64 = ExportRelease|x64
		ExportRelease|x86 = ExportRelease|x86
		Release|Any CPU = Release|Any CPU
		Release|x64 = Release|x64
		Release|x86 = Release|x86
	EndGlobalSection
	GlobalSection(ProjectConfigurationPlatforms) = postSolution
		{790D467B-B3E1-4CA8-A637-D26D7E58E58C}.Debug|Any CPU.ActiveCfg = Debug|Any CPU
		{790D467B-B3E1-4CA8-A637-D26D7E58E58C}.Debug|Any CPU.Build.0 = Debug|Any CPU
		{790D467B-B3E1-4CA8-A637-D26D7E58E58C}.Debug|x64.ActiveCfg = Debug|Any CPU
		{790D467B-B3E1-4CA8-A637-D26D7E58E58C}.Debug|x64.Build.0 = Debug|Any CPU
		{790D467B-B3E1-4CA8-A637-D26D7E58E58C}.Debug|x86.ActiveCfg = Debug|Any CPU
		{790D467B-B3E1-4CA8-A637-D26D7E58E58C}.Debug|x86.Build.0 = Debug|Any CPU
		{790D467B-B3E1-4CA8-A637-D26D7E58E58C}.ExportDebug|Any CPU.ActiveCfg = ExportDebug|Any CPU
		{790D467B-B3E1-4CA8-A637-D26D7E58E58C}.ExportDebug|Any CPU.Build.0 = ExportDebug|Any CPU
		{790D467B-B3E1-4CA8-A637-D26D7E58E58C}.ExportDebug|x64.ActiveCfg = ExportDebug|Any CPU
		{790D467B-B3E1-4CA8-A637-D26D7E58E58C}.ExportDebug|x64.Build.0 = ExportDebug|Any CPU
		{790D467B-B3E1-4CA8-A637-D26D7E58E58C}.ExportDebug|x86.ActiveCfg = ExportDebug|Any CPU
		{790D467B-B3E1-4CA8-A637-D26D7E58E58C}.ExportDebug|x86.Build.0 = ExportDebug|Any CPU
		{790D467B-B3E1-4CA8-A637-D26D7E58E58C}.ExportRelease|Any CPU.ActiveCfg = ExportRelease|Any CPU
		{790D467B-B3E1-4CA8-A637-D26D7E58E58C}.ExportRelease|Any CPU.Build.0 = ExportRelease|Any CPU
		{790D467B-B3E1-4CA8-A637-D26D7E58E58C}.ExportRelease|x64.ActiveCfg = ExportRelease|Any CPU
		{790D467B-B3E1-4CA8-A637-D26D7E58E58C}.ExportRelease|x64.Build.0 = ExportRelease|Any CPU
		{790D467B-B3E1-4CA8-A637-D26D7E58E58C}.ExportRelease|x86.ActiveCfg = ExportRelease|Any CPU
		{790D467B-B3E1-4CA8-A637-D26D7E58E58C}.ExportRelease|x86.Build.0 = ExportRelease|Any CPU
		{790D467B-B3E1-4CA8-A637-D26D7E58E58C}.Release|Any CPU.ActiveCfg = ExportRelease|Any CPU
		{790D467B-B3E1-4CA8-A637-D26D7E58E58C}.Release|Any CPU.Build.0 = ExportRelease|Any CPU
		{790D467B-B3E1-4CA8-A637-D26D7E58E58C}.Release|x64.ActiveCfg = ExportRelease|Any CPU
		{790D467B-B3E1-4CA8-A637-D26D7E58E58C}.Release|x64.Build.0 = ExportRelease|Any CPU
		{790D467B-B3E1-4CA8-A637-D26D7E58E58C}.Release|x86.ActiveCfg = ExportRelease|Any CPU
		{790D467B-B3E1-4CA8-A637-D26D7E58E58C}.Release|x86.Build.0 = ExportRelease|Any CPU
		{FE9550E0-18B0-46E5-B1B1-D4ECCAB4F9A6}.Debug|Any CPU.ActiveCfg = Debug|x64
		{FE9550E0-18B0-46E5-B1B1-D4ECCAB4F9A6}.Debug|Any CPU.Build.0 = Debug|x64
		{FE9550E0-18B0-46E5-B1B1-D4ECCAB4F9A6}.Debug|x64.ActiveCfg = Debug|x64
		{FE9550E0-18B0-46E5-B1B1-D4ECCAB4F9A6}.Debug|x64.Build.0 = Debug|x64
		{FE9550E0-18B0-46E5-B1B1-D4ECCAB4F9A6}.Debug|x86.ActiveCfg = Debug|Win32
		{FE9550E0-18B0-46E5-B1B1-D4ECCAB4F9A6}.Debug|x86.Build.0 = Debug|Win32
		{FE9550E0-18B0-46E5-B1B1-D4ECCAB4F9A6}.ExportDebug|Any CPU.ActiveCfg = Debug|x64
		{FE9550E0-18B0-46E5-B1B1-D4ECCAB4F9A6}.ExportDebug|Any CPU.Build.0 = Debug|x64
		{FE9550E0-18B0-46E5-B1B1-D4ECCAB4F9A6}.ExportDebug|x64.ActiveCfg = Debug|x64
		{FE9550E0-18B0-46E5-B1B1-D4ECCAB4F9A6}.ExportDebug|x64.Build.0 = Debug|x64
		{FE9550E0-18B0-46E5-B1B1-D4ECCAB4F9A6}.ExportDebug|x86.ActiveCfg = Debug|Win32
		{FE9550E0-18B0-46E5-B1B1-D4ECCAB4F9A6}.ExportDebug|x86.Build.0 = Debug|Win32
		{FE9550E0-18B0-46E5-B1B1-D4ECCAB4F9A6}.ExportRelease|Any CPU.ActiveCfg = Release|x64
		{FE9550E0-18B0-46E5-B1B1-D4ECCAB4F9A6}.ExportRelease|Any CPU.Build.0 = Release|x64
		{FE9550E0-18B0-46E5-B1B1-D4ECCAB4F9A6}.ExportRelease|x64.ActiveCfg = Release|x64
		{FE9550E0-18B0-46E5-B1B1-D4ECCAB4F9A6}.ExportRelease|x64.Build.0 = Release|x64
		{FE9550E0-18B0-46E5-B1B1-D4ECCAB4F9A6}.ExportRelease|x86.ActiveCfg = Release|Win32
		{FE9550E0-18B0-46E5-B1B1-D4ECCAB4F9A6}.ExportRelease|x86.Build.0 = Release|Win32
		{FE9550E0-18B0-46E5-B1B1-D4ECCAB4F9A6}.Release|Any CPU.ActiveCfg = Release|x64
		{FE9550E0-18B0-46E5-B1B1-D4ECCAB4F9A6}.Release|Any CPU.Build.0 = Release|x64
		{FE9550E0-18B0-46E5-B1B1-D4ECCAB4F9A6}.Release|x64.ActiveCfg = Release|x64
		{FE9550E0-18B0-46E5-B1B1-D4ECCAB4F9A6}.Release|x64.Build.0 = Release|x64
		{FE9550E0-18B0-46E5-B1B1-D4ECCAB4F9A6}.Release|x86.ActiveCfg = Release|Win32
		{FE9550E0-18B0-46E5-B1B1-D4ECCAB4F9A6}.Release|x86.Build.0 = Release|Win32
	EndGlobalSection
	GlobalSection(SolutionProperties) = preSolution
		HideSolutionNode = FALSE
	EndGlobalSection
EndGlobal
